PODS:
  - DeepDiff (2.3.1)
  - HoloTableView (3.0.0)
  - HoloTableViewDiffPlugin (0.2.0):
    - DeepDiff
    - HoloTableView

DEPENDENCIES:
  - HoloTableViewDiffPlugin (from `../`)

SPEC REPOS:
  trunk:
    - DeepDiff
    - HoloTableView

EXTERNAL SOURCES:
  HoloTableViewDiffPlugin:
    :path: "../"

SPEC CHECKSUMS:
  DeepDiff: e5ae6c50d0321568e4508cec5930b9f10bb293fc
  HoloTableView: 02884d8f0eb1dc3a300fbdfd97b312605fa2e36b
  HoloTableViewDiffPlugin: 4f7df907b401a1799cb463902c3aff9735a331ca

PODFILE CHECKSUM: 73c7339d9ea5d31bdb12c1707bac9239230fdcfe

COCOAPODS: 1.10.1
