PODS:
  - DeepDiff (2.3.1)
  - HoloTableView (3.0.0)
  - HoloTableViewDiffPlugin (1.0.0):
    - DeepDiff
    - HoloTableView

DEPENDENCIES:
  - HoloTableViewDiffPlugin (from `../`)

SPEC REPOS:
  trunk:
    - DeepDiff
    - HoloTableView

EXTERNAL SOURCES:
  HoloTableViewDiffPlugin:
    :path: "../"

SPEC CHECKSUMS:
  DeepDiff: e5ae6c50d0321568e4508cec5930b9f10bb293fc
  HoloTableView: 02884d8f0eb1dc3a300fbdfd97b312605fa2e36b
  HoloTableViewDiffPlugin: 759e71031d3bea9b9b78ebbee43d57b5c45fe01e

PODFILE CHECKSUM: 73c7339d9ea5d31bdb12c1707bac9239230fdcfe

COCOAPODS: 1.10.1
